
Microsoft Visual Studio Solution File, Format Version 12.00
# Visual Studio 15
VisualStudioVersion = 15.0.28307.902
MinimumVisualStudioVersion = 10.0.40219.1
Project("{FAE04EC0-301F-11D3-BF4B-00C04F79EFBC}") = "MVC_BookShop", "MVC_BookShop\MVC_BookShop.csproj", "{1B777F02-659E-4F2F-B932-13243A09B1DB}"
EndProject
Global
	GlobalSection(SolutionConfigurationPlatforms) = preSolution
		Debug|Any CPU = Debug|Any CPU
		Release|Any CPU = Release|Any CPU
	EndGlobalSection
	GlobalSection(ProjectConfigurationPlatforms) = postSolution
		{1B777F02-659E-4F2F-B932-13243A09B1DB}.Debug|Any CPU.ActiveCfg = Debug|Any CPU
		{1B777F02-659E-4F2F-B932-13243A09B1DB}.Debug|Any CPU.Build.0 = Debug|Any CPU
		{1B777F02-659E-4F2F-B932-13243A09B1DB}.Release|Any CPU.ActiveCfg = Release|Any CPU
		{1B777F02-659E-4F2F-B932-13243A09B1DB}.Release|Any CPU.Build.0 = Release|Any CPU
	EndGlobalSection
	GlobalSection(SolutionProperties) = preSolution
		HideSolutionNode = FALSE
	EndGlobalSection
	GlobalSection(ExtensibilityGlobals) = postSolution
		SolutionGuid = {5118C192-66D6-4F57-A8E7-8DCCCF66428D}
	EndGlobalSection
EndGlobal
